
Microsoft Visual Studio Solution File, Format Version 12.00
# Visual Studio Version 17
VisualStudioVersion = 17.0.31903.59
MinimumVisualStudioVersion = 10.0.40219.1
Project("{FAE04EC0-301F-11D3-BF4B-00C04F79EFBC}") = "HeroisTime", "HeroisTime\HeroisTime.csproj", "{81F1D588-5238-49B4-ADB2-1BB1CED47866}"
EndProject
Project("{2150E333-8FDC-42A3-9474-1A3956D46DE8}") = "AulaVetores", "AulaVetores", "{1B128C3F-6498-9CF9-6301-2FB5BDF45040}"
EndProject
Project("{FAE04EC0-301F-11D3-BF4B-00C04F79EFBC}") = "PosicaoVeotr", "AulaVetores\PosicaoVeotr\PosicaoVeotr.csproj", "{119C1F9D-1E8B-4D96-BDC8-F65EF6656E93}"
EndProject
Project("{FAE04EC0-301F-11D3-BF4B-00C04F79EFBC}") = "Tarefa4", "Tarefa4\Tarefa4.csproj", "{7F3E4A65-84C9-4263-925E-9F0B97CAE110}"
EndProject
Project("{FAE04EC0-301F-11D3-BF4B-00C04F79EFBC}") = "ConsoleApp1", "ConsoleApp1\ConsoleApp1.csproj", "{5CE73EA4-E66B-442C-AE72-F704C8C46B78}"
EndProject
Project("{FAE04EC0-301F-11D3-BF4B-00C04F79EFBC}") = "Tarefa4", "AulaVetores\Tarefa4\Tarefa4.csproj", "{D97088D8-43AA-44BD-9300-C56AC852B77F}"
EndProject
Project("{2150E333-8FDC-42A3-9474-1A3956D46DE8}") = "AulaStruct", "AulaStruct", "{94A435DD-4DEC-2232-31E1-A7FD62ED6F44}"
EndProject
Project("{FAE04EC0-301F-11D3-BF4B-00C04F79EFBC}") = "Herois", "AulaStruct\Herois\Herois.csproj", "{476E2E32-BAF3-495B-929F-1F6DE0340CD0}"
EndProject
Project("{2150E333-8FDC-42A3-9474-1A3956D46DE8}") = "Aula(11)-POO", "Aula(11)-POO", "{0695B399-E340-EBB7-6944-2A8B6B6EEA33}"
EndProject
Project("{FAE04EC0-301F-11D3-BF4B-00C04F79EFBC}") = "retangulo", "Aula(11)-POO\retangulo\retangulo.csproj", "{1F62A75F-01CD-4256-BD43-E9377D5C4014}"
EndProject
Global
	GlobalSection(SolutionConfigurationPlatforms) = preSolution
		Debug|Any CPU = Debug|Any CPU
		Debug|x64 = Debug|x64
		Debug|x86 = Debug|x86
		Release|Any CPU = Release|Any CPU
		Release|x64 = Release|x64
		Release|x86 = Release|x86
	EndGlobalSection
	GlobalSection(ProjectConfigurationPlatforms) = postSolution
		{81F1D588-5238-49B4-ADB2-1BB1CED47866}.Debug|Any CPU.ActiveCfg = Debug|Any CPU
		{81F1D588-5238-49B4-ADB2-1BB1CED47866}.Debug|Any CPU.Build.0 = Debug|Any CPU
		{81F1D588-5238-49B4-ADB2-1BB1CED47866}.Debug|x64.ActiveCfg = Debug|Any CPU
		{81F1D588-5238-49B4-ADB2-1BB1CED47866}.Debug|x64.Build.0 = Debug|Any CPU
		{81F1D588-5238-49B4-ADB2-1BB1CED47866}.Debug|x86.ActiveCfg = Debug|Any CPU
		{81F1D588-5238-49B4-ADB2-1BB1CED47866}.Debug|x86.Build.0 = Debug|Any CPU
		{81F1D588-5238-49B4-ADB2-1BB1CED47866}.Release|Any CPU.ActiveCfg = Release|Any CPU
		{81F1D588-5238-49B4-ADB2-1BB1CED47866}.Release|Any CPU.Build.0 = Release|Any CPU
		{81F1D588-5238-49B4-ADB2-1BB1CED47866}.Release|x64.ActiveCfg = Release|Any CPU
		{81F1D588-5238-49B4-ADB2-1BB1CED47866}.Release|x64.Build.0 = Release|Any CPU
		{81F1D588-5238-49B4-ADB2-1BB1CED47866}.Release|x86.ActiveCfg = Release|Any CPU
		{81F1D588-5238-49B4-ADB2-1BB1CED47866}.Release|x86.Build.0 = Release|Any CPU
		{119C1F9D-1E8B-4D96-BDC8-F65EF6656E93}.Debug|Any CPU.ActiveCfg = Debug|Any CPU
		{119C1F9D-1E8B-4D96-BDC8-F65EF6656E93}.Debug|Any CPU.Build.0 = Debug|Any CPU
		{119C1F9D-1E8B-4D96-BDC8-F65EF6656E93}.Debug|x64.ActiveCfg = Debug|Any CPU
		{119C1F9D-1E8B-4D96-BDC8-F65EF6656E93}.Debug|x64.Build.0 = Debug|Any CPU
		{119C1F9D-1E8B-4D96-BDC8-F65EF6656E93}.Debug|x86.ActiveCfg = Debug|Any CPU
		{119C1F9D-1E8B-4D96-BDC8-F65EF6656E93}.Debug|x86.Build.0 = Debug|Any CPU
		{119C1F9D-1E8B-4D96-BDC8-F65EF6656E93}.Release|Any CPU.ActiveCfg = Release|Any CPU
		{119C1F9D-1E8B-4D96-BDC8-F65EF6656E93}.Release|Any CPU.Build.0 = Release|Any CPU
		{119C1F9D-1E8B-4D96-BDC8-F65EF6656E93}.Release|x64.ActiveCfg = Release|Any CPU
		{119C1F9D-1E8B-4D96-BDC8-F65EF6656E93}.Release|x64.Build.0 = Release|Any CPU
		{119C1F9D-1E8B-4D96-BDC8-F65EF6656E93}.Release|x86.ActiveCfg = Release|Any CPU
		{119C1F9D-1E8B-4D96-BDC8-F65EF6656E93}.Release|x86.Build.0 = Release|Any CPU
		{7F3E4A65-84C9-4263-925E-9F0B97CAE110}.Debug|Any CPU.ActiveCfg = Debug|Any CPU
		{7F3E4A65-84C9-4263-925E-9F0B97CAE110}.Debug|Any CPU.Build.0 = Debug|Any CPU
		{7F3E4A65-84C9-4263-925E-9F0B97CAE110}.Debug|x64.ActiveCfg = Debug|Any CPU
		{7F3E4A65-84C9-4263-925E-9F0B97CAE110}.Debug|x64.Build.0 = Debug|Any CPU
		{7F3E4A65-84C9-4263-925E-9F0B97CAE110}.Debug|x86.ActiveCfg = Debug|Any CPU
		{7F3E4A65-84C9-4263-925E-9F0B97CAE110}.Debug|x86.Build.0 = Debug|Any CPU
		{7F3E4A65-84C9-4263-925E-9F0B97CAE110}.Release|Any CPU.ActiveCfg = Release|Any CPU
		{7F3E4A65-84C9-4263-925E-9F0B97CAE110}.Release|Any CPU.Build.0 = Release|Any CPU
		{7F3E4A65-84C9-4263-925E-9F0B97CAE110}.Release|x64.ActiveCfg = Release|Any CPU
		{7F3E4A65-84C9-4263-925E-9F0B97CAE110}.Release|x64.Build.0 = Release|Any CPU
		{7F3E4A65-84C9-4263-925E-9F0B97CAE110}.Release|x86.ActiveCfg = Release|Any CPU
		{7F3E4A65-84C9-4263-925E-9F0B97CAE110}.Release|x86.Build.0 = Release|Any CPU
		{5CE73EA4-E66B-442C-AE72-F704C8C46B78}.Debug|Any CPU.ActiveCfg = Debug|Any CPU
		{5CE73EA4-E66B-442C-AE72-F704C8C46B78}.Debug|Any CPU.Build.0 = Debug|Any CPU
		{5CE73EA4-E66B-442C-AE72-F704C8C46B78}.Debug|x64.ActiveCfg = Debug|Any CPU
		{5CE73EA4-E66B-442C-AE72-F704C8C46B78}.Debug|x64.Build.0 = Debug|Any CPU
		{5CE73EA4-E66B-442C-AE72-F704C8C46B78}.Debug|x86.ActiveCfg = Debug|Any CPU
		{5CE73EA4-E66B-442C-AE72-F704C8C46B78}.Debug|x86.Build.0 = Debug|Any CPU
		{5CE73EA4-E66B-442C-AE72-F704C8C46B78}.Release|Any CPU.ActiveCfg = Release|Any CPU
		{5CE73EA4-E66B-442C-AE72-F704C8C46B78}.Release|Any CPU.Build.0 = Release|Any CPU
		{5CE73EA4-E66B-442C-AE72-F704C8C46B78}.Release|x64.ActiveCfg = Release|Any CPU
		{5CE73EA4-E66B-442C-AE72-F704C8C46B78}.Release|x64.Build.0 = Release|Any CPU
		{5CE73EA4-E66B-442C-AE72-F704C8C46B78}.Release|x86.ActiveCfg = Release|Any CPU
		{5CE73EA4-E66B-442C-AE72-F704C8C46B78}.Release|x86.Build.0 = Release|Any CPU
		{D97088D8-43AA-44BD-9300-C56AC852B77F}.Debug|Any CPU.ActiveCfg = Debug|Any CPU
		{D97088D8-43AA-44BD-9300-C56AC852B77F}.Debug|Any CPU.Build.0 = Debug|Any CPU
		{D97088D8-43AA-44BD-9300-C56AC852B77F}.Debug|x64.ActiveCfg = Debug|Any CPU
		{D97088D8-43AA-44BD-9300-C56AC852B77F}.Debug|x64.Build.0 = Debug|Any CPU
		{D97088D8-43AA-44BD-9300-C56AC852B77F}.Debug|x86.ActiveCfg = Debug|Any CPU
		{D97088D8-43AA-44BD-9300-C56AC852B77F}.Debug|x86.Build.0 = Debug|Any CPU
		{D97088D8-43AA-44BD-9300-C56AC852B77F}.Release|Any CPU.ActiveCfg = Release|Any CPU
		{D97088D8-43AA-44BD-9300-C56AC852B77F}.Release|Any CPU.Build.0 = Release|Any CPU
		{D97088D8-43AA-44BD-9300-C56AC852B77F}.Release|x64.ActiveCfg = Release|Any CPU
		{D97088D8-43AA-44BD-9300-C56AC852B77F}.Release|x64.Build.0 = Release|Any CPU
		{D97088D8-43AA-44BD-9300-C56AC852B77F}.Release|x86.ActiveCfg = Release|Any CPU
		{D97088D8-43AA-44BD-9300-C56AC852B77F}.Release|x86.Build.0 = Release|Any CPU
		{476E2E32-BAF3-495B-929F-1F6DE0340CD0}.Debug|Any CPU.ActiveCfg = Debug|Any CPU
		{476E2E32-BAF3-495B-929F-1F6DE0340CD0}.Debug|Any CPU.Build.0 = Debug|Any CPU
		{476E2E32-BAF3-495B-929F-1F6DE0340CD0}.Debug|x64.ActiveCfg = Debug|Any CPU
		{476E2E32-BAF3-495B-929F-1F6DE0340CD0}.Debug|x64.Build.0 = Debug|Any CPU
		{476E2E32-BAF3-495B-929F-1F6DE0340CD0}.Debug|x86.ActiveCfg = Debug|Any CPU
		{476E2E32-BAF3-495B-929F-1F6DE0340CD0}.Debug|x86.Build.0 = Debug|Any CPU
		{476E2E32-BAF3-495B-929F-1F6DE0340CD0}.Release|Any CPU.ActiveCfg = Release|Any CPU
		{476E2E32-BAF3-495B-929F-1F6DE0340CD0}.Release|Any CPU.Build.0 = Release|Any CPU
		{476E2E32-BAF3-495B-929F-1F6DE0340CD0}.Release|x64.ActiveCfg = Release|Any CPU
		{476E2E32-BAF3-495B-929F-1F6DE0340CD0}.Release|x64.Build.0 = Release|Any CPU
		{476E2E32-BAF3-495B-929F-1F6DE0340CD0}.Release|x86.ActiveCfg = Release|Any CPU
		{476E2E32-BAF3-495B-929F-1F6DE0340CD0}.Release|x86.Build.0 = Release|Any CPU
		{1F62A75F-01CD-4256-BD43-E9377D5C4014}.Debug|Any CPU.ActiveCfg = Debug|Any CPU
		{1F62A75F-01CD-4256-BD43-E9377D5C4014}.Debug|Any CPU.Build.0 = Debug|Any CPU
		{1F62A75F-01CD-4256-BD43-E9377D5C4014}.Debug|x64.ActiveCfg = Debug|Any CPU
		{1F62A75F-01CD-4256-BD43-E9377D5C4014}.Debug|x64.Build.0 = Debug|Any CPU
		{1F62A75F-01CD-4256-BD43-E9377D5C4014}.Debug|x86.ActiveCfg = Debug|Any CPU
		{1F62A75F-01CD-4256-BD43-E9377D5C4014}.Debug|x86.Build.0 = Debug|Any CPU
		{1F62A75F-01CD-4256-BD43-E9377D5C4014}.Release|Any CPU.ActiveCfg = Release|Any CPU
		{1F62A75F-01CD-4256-BD43-E9377D5C4014}.Release|Any CPU.Build.0 = Release|Any CPU
		{1F62A75F-01CD-4256-BD43-E9377D5C4014}.Release|x64.ActiveCfg = Release|Any CPU
		{1F62A75F-01CD-4256-BD43-E9377D5C4014}.Release|x64.Build.0 = Release|Any CPU
		{1F62A75F-01CD-4256-BD43-E9377D5C4014}.Release|x86.ActiveCfg = Release|Any CPU
		{1F62A75F-01CD-4256-BD43-E9377D5C4014}.Release|x86.Build.0 = Release|Any CPU
	EndGlobalSection
	GlobalSection(SolutionProperties) = preSolution
		HideSolutionNode = FALSE
	EndGlobalSection
	GlobalSection(NestedProjects) = preSolution
		{119C1F9D-1E8B-4D96-BDC8-F65EF6656E93} = {1B128C3F-6498-9CF9-6301-2FB5BDF45040}
		{D97088D8-43AA-44BD-9300-C56AC852B77F} = {1B128C3F-6498-9CF9-6301-2FB5BDF45040}
		{476E2E32-BAF3-495B-929F-1F6DE0340CD0} = {94A435DD-4DEC-2232-31E1-A7FD62ED6F44}
		{1F62A75F-01CD-4256-BD43-E9377D5C4014} = {0695B399-E340-EBB7-6944-2A8B6B6EEA33}
	EndGlobalSection
EndGlobal
