
Microsoft Visual Studio Solution File, Format Version 12.00
# Visual Studio Version 17
VisualStudioVersion = 17.13.35806.99 d17.13
MinimumVisualStudioVersion = 10.0.40219.1
Project("{FAE04EC0-301F-11D3-BF4B-00C04F79EFBC}") = "Ex3", "Ex3.csproj", "{F6401915-7DC6-4C8E-8CE4-438A2DBEBCF7}"
EndProject
Global
	GlobalSection(SolutionConfigurationPlatforms) = preSolution
		Debug|Any CPU = Debug|Any CPU
		Release|Any CPU = Release|Any CPU
	EndGlobalSection
	GlobalSection(ProjectConfigurationPlatforms) = postSolution
		{F6401915-7DC6-4C8E-8CE4-438A2DBEBCF7}.Debug|Any CPU.ActiveCfg = Debug|Any CPU
		{F6401915-7DC6-4C8E-8CE4-438A2DBEBCF7}.Debug|Any CPU.Build.0 = Debug|Any CPU
		{F6401915-7DC6-4C8E-8CE4-438A2DBEBCF7}.Release|Any CPU.ActiveCfg = Release|Any CPU
		{F6401915-7DC6-4C8E-8CE4-438A2DBEBCF7}.Release|Any CPU.Build.0 = Release|Any CPU
	EndGlobalSection
	GlobalSection(SolutionProperties) = preSolution
		HideSolutionNode = FALSE
	EndGlobalSection
	GlobalSection(ExtensibilityGlobals) = postSolution
		SolutionGuid = {90C3324E-C4E5-4EF6-9BCC-2FA2FF2D8870}
	EndGlobalSection
EndGlobal
