
Microsoft Visual Studio Solution File, Format Version 12.00
# Visual Studio Version 17
VisualStudioVersion = 17.0.31903.59
MinimumVisualStudioVersion = 10.0.40219.1
Project("{FAE04EC0-301F-11D3-BF4B-00C04F79EFBC}") = "teste", "teste\teste.csproj", "{9ED22B5E-6EE0-49F6-BA83-B448636DABFA}"
EndProject
Global
	GlobalSection(SolutionConfigurationPlatforms) = preSolution
		Debug|Any CPU = Debug|Any CPU
		Debug|x64 = Debug|x64
		Debug|x86 = Debug|x86
		Release|Any CPU = Release|Any CPU
		Release|x64 = Release|x64
		Release|x86 = Release|x86
	EndGlobalSection
	GlobalSection(ProjectConfigurationPlatforms) = postSolution
		{9ED22B5E-6EE0-49F6-BA83-B448636DABFA}.Debug|Any CPU.ActiveCfg = Debug|Any CPU
		{9ED22B5E-6EE0-49F6-BA83-B448636DABFA}.Debug|Any CPU.Build.0 = Debug|Any CPU
		{9ED22B5E-6EE0-49F6-BA83-B448636DABFA}.Debug|x64.ActiveCfg = Debug|Any CPU
		{9ED22B5E-6EE0-49F6-BA83-B448636DABFA}.Debug|x64.Build.0 = Debug|Any CPU
		{9ED22B5E-6EE0-49F6-BA83-B448636DABFA}.Debug|x86.ActiveCfg = Debug|Any CPU
		{9ED22B5E-6EE0-49F6-BA83-B448636DABFA}.Debug|x86.Build.0 = Debug|Any CPU
		{9ED22B5E-6EE0-49F6-BA83-B448636DABFA}.Release|Any CPU.ActiveCfg = Release|Any CPU
		{9ED22B5E-6EE0-49F6-BA83-B448636DABFA}.Release|Any CPU.Build.0 = Release|Any CPU
		{9ED22B5E-6EE0-49F6-BA83-B448636DABFA}.Release|x64.ActiveCfg = Release|Any CPU
		{9ED22B5E-6EE0-49F6-BA83-B448636DABFA}.Release|x64.Build.0 = Release|Any CPU
		{9ED22B5E-6EE0-49F6-BA83-B448636DABFA}.Release|x86.ActiveCfg = Release|Any CPU
		{9ED22B5E-6EE0-49F6-BA83-B448636DABFA}.Release|x86.Build.0 = Release|Any CPU
	EndGlobalSection
	GlobalSection(SolutionProperties) = preSolution
		HideSolutionNode = FALSE
	EndGlobalSection
EndGlobal
